{
  "name": "boilermaker-converter",
  "version": "0.0.1",
  "lockfileVersion": 1,
  "requires": true,
  "dependencies": {
    "colors": {
      "version": "1.4.0",
      "resolved": "https://registry.npmjs.org/colors/-/colors-1.4.0.tgz",
      "integrity": "sha512-a+UqTh4kgZg/SlGvfbzDHpgRu7AAQOmmqRHJnxhRZICKFUT91brVhNNt58CMWU9PsBbv3PDCZUHbVxuDiH2mtA=="
    },
    "humanparser": {
      "version": "1.11.0",
      "resolved": "https://registry.npmjs.org/humanparser/-/humanparser-1.11.0.tgz",
      "integrity": "sha512-d1Zexkt6ydVkUkshivfXZ8OnzYFZvfkzV1ncb/sv5oo3//x44az9+ZT6IKrl2nMcubO2/tJ5WWAMTgU32noEGQ=="
    }
  }
}
